// !$*UTF8*$!
{
	archiveVersion = 1;
	classes = {
	};
	objectVersion = 56;
	objects = {

/* Begin PBXBuildFile section */
		A01304B02D11D786007FD6AC /* AppDelegate.swift in Sources */ = {isa = PBXBuildFile; fileRef = A01304AF2D11D786007FD6AC /* AppDelegate.swift */; };
		A01304B22D11D786007FD6AC /* SceneDelegate.swift in Sources */ = {isa = PBXBuildFile; fileRef = A01304B12D11D786007FD6AC /* SceneDelegate.swift */; };
		A01304B42D11D786007FD6AC /* ViewController.swift in Sources */ = {isa = PBXBuildFile; fileRef = A01304B32D11D786007FD6AC /* ViewController.swift */; };
		A01304B72D11D786007FD6AC /* Main.storyboard in Resources */ = {isa = PBXBuildFile; fileRef = A01304B52D11D786007FD6AC /* Main.storyboard */; };
		A01304BA2D11D786007FD6AC /* DevelopMx.xcdatamodeld in Sources */ = {isa = PBXBuildFile; fileRef = A01304B82D11D786007FD6AC /* DevelopMx.xcdatamodeld */; };
		A01304BC2D11D789007FD6AC /* Assets.xcassets in Resources */ = {isa = PBXBuildFile; fileRef = A01304BB2D11D789007FD6AC /* Assets.xcassets */; };
		A01304BF2D11D789007FD6AC /* LaunchScreen.storyboard in Resources */ = {isa = PBXBuildFile; fileRef = A01304BD2D11D789007FD6AC /* LaunchScreen.storyboard */; };
/* End PBXBuildFile section */

/* Begin PBXFileReference section */
		A01304AC2D11D786007FD6AC /* DevelopMx.app */ = {isa = PBXFileReference; explicitFileType = wrapper.application; includeInIndex = 0; path = DevelopMx.app; sourceTree = BUILT_PRODUCTS_DIR; };
		A01304AF2D11D786007FD6AC /* AppDelegate.swift */ = {isa = PBXFileReference; lastKnownFileType = sourcecode.swift; path = AppDelegate.swift; sourceTree = "<group>"; };
		A01304B12D11D786007FD6AC /* SceneDelegate.swift */ = {isa = PBXFileReference; lastKnownFileType = sourcecode.swift; path = SceneDelegate.swift; sourceTree = "<group>"; };
		A01304B32D11D786007FD6AC /* ViewController.swift */ = {isa = PBXFileReference; lastKnownFileType = sourcecode.swift; path = ViewController.swift; sourceTree = "<group>"; };
		A01304B62D11D786007FD6AC /* Base */ = {isa = PBXFileReference; lastKnownFileType = file.storyboard; name = Base; path = Base.lproj/Main.storyboard; sourceTree = "<group>"; };
		A01304B92D11D786007FD6AC /* DevelopMx.xcdatamodel */ = {isa = PBXFileReference; lastKnownFileType = wrapper.xcdatamodel; path = DevelopMx.xcdatamodel; sourceTree = "<group>"; };
		A01304BB2D11D789007FD6AC /* Assets.xcassets */ = {isa = PBXFileReference; lastKnownFileType = folder.assetcatalog; path = Assets.xcassets; sourceTree = "<group>"; };
		A01304BE2D11D789007FD6AC /* Base */ = {isa = PBXFileReference; lastKnownFileType = file.storyboard; name = Base; path = Base.lproj/LaunchScreen.storyboard; sourceTree = "<group>"; };
		A01304C02D11D789007FD6AC /* Info.plist */ = {isa = PBXFileReference; lastKnownFileType = text.plist.xml; path = Info.plist; sourceTree = "<group>"; };
/* End PBXFileReference section */

/* Begin PBXFrameworksBuildPhase section */
		A01304A92D11D786007FD6AC /* Frameworks */ = {
			isa = PBXFrameworksBuildPhase;
			buildActionMask = 2147483647;
			files = (
			);
			runOnlyForDeploymentPostprocessing = 0;
		};
/* End PBXFrameworksBuildPhase section */

/* Begin PBXGroup section */
		A01304A32D11D786007FD6AC = {
			isa = PBXGroup;
			children = (
				A01304AE2D11D786007FD6AC /* DevelopMx */,
				A01304AD2D11D786007FD6AC /* Products */,
			);
			sourceTree = "<group>";
		};
		A01304AD2D11D786007FD6AC /* Products */ = {
			isa = PBXGroup;
			children = (
				A01304AC2D11D786007FD6AC /* DevelopMx.app */,
			);
			name = Products;
			sourceTree = "<group>";
		};
		A01304AE2D11D786007FD6AC /* DevelopMx */ = {
			isa = PBXGroup;
			children = (
				A01304AF2D11D786007FD6AC /* AppDelegate.swift */,
				A01304B12D11D786007FD6AC /* SceneDelegate.swift */,
				A01304B32D11D786007FD6AC /* ViewController.swift */,
				A01304B52D11D786007FD6AC /* Main.storyboard */,
				A01304BB2D11D789007FD6AC /* Assets.xcassets */,
				A01304BD2D11D789007FD6AC /* LaunchScreen.storyboard */,
				A01304C02D11D789007FD6AC /* Info.plist */,
				A01304B82D11D786007FD6AC /* DevelopMx.xcdatamodeld */,
			);
			path = DevelopMx;
			sourceTree = "<group>";
		};
/* End PBXGroup section */

/* Begin PBXNativeTarget section */
		A01304AB2D11D786007FD6AC /* DevelopMx */ = {
			isa = PBXNativeTarget;
			buildConfigurationList = A01304C32D11D789007FD6AC /* Build configuration list for PBXNativeTarget "DevelopMx" */;
			buildPhases = (
				A01304A82D11D786007FD6AC /* Sources */,
				A01304A92D11D786007FD6AC /* Frameworks */,
				A01304AA2D11D786007FD6AC /* Resources */,
			);
			buildRules = (
			);
			dependencies = (
			);
			name = DevelopMx;
			productName = DevelopMx;
			productReference = A01304AC2D11D786007FD6AC /* DevelopMx.app */;
			productType = "com.apple.product-type.application";
		};
/* End PBXNativeTarget section */

/* Begin PBXProject section */
		A01304A42D11D786007FD6AC /* Project object */ = {
			isa = PBXProject;
			attributes = {
				BuildIndependentTargetsInParallel = 1;
				LastSwiftUpdateCheck = 1420;
				LastUpgradeCheck = 1420;
				TargetAttributes = {
					A01304AB2D11D786007FD6AC = {
						CreatedOnToolsVersion = 14.2;
					};
				};
			};
			buildConfigurationList = A01304A72D11D786007FD6AC /* Build configuration list for PBXProject "DevelopMx" */;
			compatibilityVersion = "Xcode 14.0";
			developmentRegion = en;
			hasScannedForEncodings = 0;
			knownRegions = (
				en,
				Base,
			);
			mainGroup = A01304A32D11D786007FD6AC;
			productRefGroup = A01304AD2D11D786007FD6AC /* Products */;
			projectDirPath = "";
			projectRoot = "";
			targets = (
				A01304AB2D11D786007FD6AC /* DevelopMx */,
			);
		};
/* End PBXProject section */

/* Begin PBXResourcesBuildPhase section */
		A01304AA2D11D786007FD6AC /* Resources */ = {
			isa = PBXResourcesBuildPhase;
			buildActionMask = 2147483647;
			files = (
				A01304BF2D11D789007FD6AC /* LaunchScreen.storyboard in Resources */,
				A01304BC2D11D789007FD6AC /* Assets.xcassets in Resources */,
				A01304B72D11D786007FD6AC /* Main.storyboard in Resources */,
			);
			runOnlyForDeploymentPostprocessing = 0;
		};
/* End PBXResourcesBuildPhase section */

/* Begin PBXSourcesBuildPhase section */
		A01304A82D11D786007FD6AC /* Sources */ = {
			isa = PBXSourcesBuildPhase;
			buildActionMask = 2147483647;
			files = (
				A01304B42D11D786007FD6AC /* ViewController.swift in Sources */,
				A01304B02D11D786007FD6AC /* AppDelegate.swift in Sources */,
				A01304BA2D11D786007FD6AC /* DevelopMx.xcdatamodeld in Sources */,
				A01304B22D11D786007FD6AC /* SceneDelegate.swift in Sources */,
			);
			runOnlyForDeploymentPostprocessing = 0;
		};
/* End PBXSourcesBuildPhase section */

/* Begin PBXVariantGroup section */
		A01304B52D11D786007FD6AC /* Main.storyboard */ = {
			isa = PBXVariantGroup;
			children = (
				A01304B62D11D786007FD6AC /* Base */,
			);
			name = Main.storyboard;
			sourceTree = "<group>";
		};
		A01304BD2D11D789007FD6AC /* LaunchScreen.storyboard */ = {
			isa = PBXVariantGroup;
			children = (
				A01304BE2D11D789007FD6AC /* Base */,
			);
			name = LaunchScreen.storyboard;
			sourceTree = "<group>";
		};
/* End PBXVariantGroup section */

/* Begin XCBuildConfiguration section */
		A01304C12D11D789007FD6AC /* Debug */ = {
			isa = XCBuildConfiguration;
			buildSettings = {
				ALWAYS_SEARCH_USER_PATHS = NO;
				CLANG_ANALYZER_NONNULL = YES;
				CLANG_ANALYZER_NUMBER_OBJECT_CONVERSION = YES_AGGRESSIVE;
				CLANG_CXX_LANGUAGE_STANDARD = "gnu++20";
				CLANG_ENABLE_MODULES = YES;
				CLANG_ENABLE_OBJC_ARC = YES;
				CLANG_ENABLE_OBJC_WEAK = YES;
				CLANG_WARN_BLOCK_CAPTURE_AUTORELEASING = YES;
				CLANG_WARN_BOOL_CONVERSION = YES;
				CLANG_WARN_COMMA = YES;
				CLANG_WARN_CONSTANT_CONVERSION = YES;
				CLANG_WARN_DEPRECATED_OBJC_IMPLEMENTATIONS = YES;
				CLANG_WARN_DIRECT_OBJC_ISA_USAGE = YES_ERROR;
				CLANG_WARN_DOCUMENTATION_COMMENTS = YES;
				CLANG_WARN_EMPTY_BODY = YES;
				CLANG_WARN_ENUM_CONVERSION = YES;
				CLANG_WARN_INFINITE_RECURSION = YES;
				CLANG_WARN_INT_CONVERSION = YES;
				CLANG_WARN_NON_LITERAL_NULL_CONVERSION = YES;
				CLANG_WARN_OBJC_IMPLICIT_RETAIN_SELF = YES;
				CLANG_WARN_OBJC_LITERAL_CONVERSION = YES;
				CLANG_WARN_OBJC_ROOT_CLASS = YES_ERROR;
				CLANG_WARN_QUOTED_INCLUDE_IN_FRAMEWORK_HEADER = YES;
				CLANG_WARN_RANGE_LOOP_ANALYSIS = YES;
				CLANG_WARN_STRICT_PROTOTYPES = YES;
				CLANG_WARN_SUSPICIOUS_MOVE = YES;
				CLANG_WARN_UNGUARDED_AVAILABILITY = YES_AGGRESSIVE;
				CLANG_WARN_UNREACHABLE_CODE = YES;
				CLANG_WARN__DUPLICATE_METHOD_MATCH = YES;
				COPY_PHASE_STRIP = NO;
				DEBUG_INFORMATION_FORMAT = dwarf;
				ENABLE_STRICT_OBJC_MSGSEND = YES;
				ENABLE_TESTABILITY = YES;
				GCC_C_LANGUAGE_STANDARD = gnu11;
				GCC_DYNAMIC_NO_PIC = NO;
				GCC_NO_COMMON_BLOCKS = YES;
				GCC_OPTIMIZATION_LEVEL = 0;
				GCC_PREPROCESSOR_DEFINITIONS = (
					"DEBUG=1",
					"$(inherited)",
				);
				GCC_WARN_64_TO_32_BIT_CONVERSION = YES;
				GCC_WARN_ABOUT_RETURN_TYPE = YES_ERROR;
				GCC_WARN_UNDECLARED_SELECTOR = YES;
				GCC_WARN_UNINITIALIZED_AUTOS = YES_AGGRESSIVE;
				GCC_WARN_UNUSED_FUNCTION = YES;
				GCC_WARN_UNUSED_VARIABLE = YES;
				IPHONEOS_DEPLOYMENT_TARGET = 16.2;
				MTL_ENABLE_DEBUG_INFO = INCLUDE_SOURCE;
				MTL_FAST_MATH = YES;
				ONLY_ACTIVE_ARCH = YES;
				SDKROOT = iphoneos;
				SWIFT_ACTIVE_COMPILATION_CONDITIONS = DEBUG;
				SWIFT_OPTIMIZATION_LEVEL = "-Onone";
			};
			name = Debug;
		};
		A01304C22D11D789007FD6AC /* Release */ = {
			isa = XCBuildConfiguration;
			buildSettings = {
				ALWAYS_SEARCH_USER_PATHS = NO;
				CLANG_ANALYZER_NONNULL = YES;
				CLANG_ANALYZER_NUMBER_OBJECT_CONVERSION = YES_AGGRESSIVE;
				CLANG_CXX_LANGUAGE_STANDARD = "gnu++20";
				CLANG_ENABLE_MODULES = YES;
				CLANG_ENABLE_OBJC_ARC = YES;
				CLANG_ENABLE_OBJC_WEAK = YES;
				CLANG_WARN_BLOCK_CAPTURE_AUTORELEASING = YES;
				CLANG_WARN_BOOL_CONVERSION = YES;
				CLANG_WARN_COMMA = YES;
				CLANG_WARN_CONSTANT_CONVERSION = YES;
				CLANG_WARN_DEPRECATED_OBJC_IMPLEMENTATIONS = YES;
				CLANG_WARN_DIRECT_OBJC_ISA_USAGE = YES_ERROR;
				CLANG_WARN_DOCUMENTATION_COMMENTS = YES;
				CLANG_WARN_EMPTY_BODY = YES;
				CLANG_WARN_ENUM_CONVERSION = YES;
				CLANG_WARN_INFINITE_RECURSION = YES;
				CLANG_WARN_INT_CONVERSION = YES;
				CLANG_WARN_NON_LITERAL_NULL_CONVERSION = YES;
				CLANG_WARN_OBJC_IMPLICIT_RETAIN_SELF = YES;
				CLANG_WARN_OBJC_LITERAL_CONVERSION = YES;
				CLANG_WARN_OBJC_ROOT_CLASS = YES_ERROR;
				CLANG_WARN_QUOTED_INCLUDE_IN_FRAMEWORK_HEADER = YES;
				CLANG_WARN_RANGE_LOOP_ANALYSIS = YES;
				CLANG_WARN_STRICT_PROTOTYPES = YES;
				CLANG_WARN_SUSPICIOUS_MOVE = YES;
				CLANG_WARN_UNGUARDED_AVAILABILITY = YES_AGGRESSIVE;
				CLANG_WARN_UNREACHABLE_CODE = YES;
				CLANG_WARN__DUPLICATE_METHOD_MATCH = YES;
				COPY_PHASE_STRIP = NO;
				DEBUG_INFORMATION_FORMAT = "dwarf-with-dsym";
				ENABLE_NS_ASSERTIONS = NO;
				ENABLE_STRICT_OBJC_MSGSEND = YES;
				GCC_C_LANGUAGE_STANDARD = gnu11;
				GCC_NO_COMMON_BLOCKS = YES;
				GCC_WARN_64_TO_32_BIT_CONVERSION = YES;
				GCC_WARN_ABOUT_RETURN_TYPE = YES_ERROR;
				GCC_WARN_UNDECLARED_SELECTOR = YES;
				GCC_WARN_UNINITIALIZED_AUTOS = YES_AGGRESSIVE;
				GCC_WARN_UNUSED_FUNCTION = YES;
				GCC_WARN_UNUSED_VARIABLE = YES;
				IPHONEOS_DEPLOYMENT_TARGET = 16.2;
				MTL_ENABLE_DEBUG_INFO = NO;
				MTL_FAST_MATH = YES;
				SDKROOT = iphoneos;
				SWIFT_COMPILATION_MODE = wholemodule;
				SWIFT_OPTIMIZATION_LEVEL = "-O";
				VALIDATE_PRODUCT = YES;
			};
			name = Release;
		};
		A01304C42D11D789007FD6AC /* Debug */ = {
			isa = XCBuildConfiguration;
			buildSettings = {
				ASSETCATALOG_COMPILER_APPICON_NAME = AppIcon;
				ASSETCATALOG_COMPILER_GLOBAL_ACCENT_COLOR_NAME = AccentColor;
				CODE_SIGN_STYLE = Automatic;
				CURRENT_PROJECT_VERSION = 1;
				DEVELOPMENT_TEAM = G9D5D7CQ32;
				GENERATE_INFOPLIST_FILE = YES;
				INFOPLIST_FILE = DevelopMx/Info.plist;
				INFOPLIST_KEY_UIApplicationSupportsIndirectInputEvents = YES;
				INFOPLIST_KEY_UILaunchStoryboardName = LaunchScreen;
				INFOPLIST_KEY_UIMainStoryboardFile = Main;
				INFOPLIST_KEY_UISupportedInterfaceOrientations_iPad = "UIInterfaceOrientationPortrait UIInterfaceOrientationPortraitUpsideDown UIInterfaceOrientationLandscapeLeft UIInterfaceOrientationLandscapeRight";
				INFOPLIST_KEY_UISupportedInterfaceOrientations_iPhone = "UIInterfaceOrientationPortrait UIInterfaceOrientationLandscapeLeft UIInterfaceOrientationLandscapeRight";
				LD_RUNPATH_SEARCH_PATHS = (
					"$(inherited)",
					"@executable_path/Frameworks",
				);
				MARKETING_VERSION = 1.0;
				PRODUCT_BUNDLE_IDENTIFIER = UTT.DevelopMx;
				PRODUCT_NAME = "$(TARGET_NAME)";
				SWIFT_EMIT_LOC_STRINGS = YES;
				SWIFT_VERSION = 5.0;
				TARGETED_DEVICE_FAMILY = "1,2";
			};
			name = Debug;
		};
		A01304C52D11D789007FD6AC /* Release */ = {
			isa = XCBuildConfiguration;
			buildSettings = {
				ASSETCATALOG_COMPILER_APPICON_NAME = AppIcon;
				ASSETCATALOG_COMPILER_GLOBAL_ACCENT_COLOR_NAME = AccentColor;
				CODE_SIGN_STYLE = Automatic;
				CURRENT_PROJECT_VERSION = 1;
				DEVELOPMENT_TEAM = G9D5D7CQ32;
				GENERATE_INFOPLIST_FILE = YES;
				INFOPLIST_FILE = DevelopMx/Info.plist;
				INFOPLIST_KEY_UIApplicationSupportsIndirectInputEvents = YES;
				INFOPLIST_KEY_UILaunchStoryboardName = LaunchScreen;
				INFOPLIST_KEY_UIMainStoryboardFile = Main;
				INFOPLIST_KEY_UISupportedInterfaceOrientations_iPad = "UIInterfaceOrientationPortrait UIInterfaceOrientationPortraitUpsideDown UIInterfaceOrientationLandscapeLeft UIInterfaceOrientationLandscapeRight";
				INFOPLIST_KEY_UISupportedInterfaceOrientations_iPhone = "UIInterfaceOrientationPortrait UIInterfaceOrientationLandscapeLeft UIInterfaceOrientationLandscapeRight";
				LD_RUNPATH_SEARCH_PATHS = (
					"$(inherited)",
					"@executable_path/Frameworks",
				);
				MARKETING_VERSION = 1.0;
				PRODUCT_BUNDLE_IDENTIFIER = UTT.DevelopMx;
				PRODUCT_NAME = "$(TARGET_NAME)";
				SWIFT_EMIT_LOC_STRINGS = YES;
				SWIFT_VERSION = 5.0;
				TARGETED_DEVICE_FAMILY = "1,2";
			};
			name = Release;
		};
/* End XCBuildConfiguration section */

/* Begin XCConfigurationList section */
		A01304A72D11D786007FD6AC /* Build configuration list for PBXProject "DevelopMx" */ = {
			isa = XCConfigurationList;
			buildConfigurations = (
				A01304C12D11D789007FD6AC /* Debug */,
				A01304C22D11D789007FD6AC /* Release */,
			);
			defaultConfigurationIsVisible = 0;
			defaultConfigurationName = Release;
		};
		A01304C32D11D789007FD6AC /* Build configuration list for PBXNativeTarget "DevelopMx" */ = {
			isa = XCConfigurationList;
			buildConfigurations = (
				A01304C42D11D789007FD6AC /* Debug */,
				A01304C52D11D789007FD6AC /* Release */,
			);
			defaultConfigurationIsVisible = 0;
			defaultConfigurationName = Release;
		};
/* End XCConfigurationList section */

/* Begin XCVersionGroup section */
		A01304B82D11D786007FD6AC /* DevelopMx.xcdatamodeld */ = {
			isa = XCVersionGroup;
			children = (
				A01304B92D11D786007FD6AC /* DevelopMx.xcdatamodel */,
			);
			currentVersion = A01304B92D11D786007FD6AC /* DevelopMx.xcdatamodel */;
			path = DevelopMx.xcdatamodeld;
			sourceTree = "<group>";
			versionGroupType = wrapper.xcdatamodel;
		};
/* End XCVersionGroup section */
	};
	rootObject = A01304A42D11D786007FD6AC /* Project object */;
}
